
Microsoft Visual Studio Solution File, Format Version 12.00
# Visual Studio Version 17
VisualStudioVersion = 17.14.36429.23 d17.14
MinimumVisualStudioVersion = 10.0.40219.1
Project("{FAE04EC0-301F-11D3-BF4B-00C04F79EFBC}") = "Lista 1", "Lista 1\Lista 1.csproj", "{005779BB-07D8-4A45-8EFE-7B041365654F}"
EndProject
Global
	GlobalSection(SolutionConfigurationPlatforms) = preSolution
		Debug|Any CPU = Debug|Any CPU
		Release|Any CPU = Release|Any CPU
	EndGlobalSection
	GlobalSection(ProjectConfigurationPlatforms) = postSolution
		{005779BB-07D8-4A45-8EFE-7B041365654F}.Debug|Any CPU.ActiveCfg = Debug|Any CPU
		{005779BB-07D8-4A45-8EFE-7B041365654F}.Debug|Any CPU.Build.0 = Debug|Any CPU
		{005779BB-07D8-4A45-8EFE-7B041365654F}.Release|Any CPU.ActiveCfg = Release|Any CPU
		{005779BB-07D8-4A45-8EFE-7B041365654F}.Release|Any CPU.Build.0 = Release|Any CPU
	EndGlobalSection
	GlobalSection(SolutionProperties) = preSolution
		HideSolutionNode = FALSE
	EndGlobalSection
	GlobalSection(ExtensibilityGlobals) = postSolution
		SolutionGuid = {D2D4B8B0-D0B5-4357-8B18-C6878B4B726D}
	EndGlobalSection
EndGlobal
