
Microsoft Visual Studio Solution File, Format Version 12.00
# Visual Studio Version 17
VisualStudioVersion = 17.14.36429.23 d17.14
MinimumVisualStudioVersion = 10.0.40219.1
Project("{FAE04EC0-301F-11D3-BF4B-00C04F79EFBC}") = "Lista1exc6", "Lista1exc6\Lista1exc6.csproj", "{4208198F-7B18-4023-9843-BC3B2C45B699}"
EndProject
Global
	GlobalSection(SolutionConfigurationPlatforms) = preSolution
		Debug|Any CPU = Debug|Any CPU
		Release|Any CPU = Release|Any CPU
	EndGlobalSection
	GlobalSection(ProjectConfigurationPlatforms) = postSolution
		{4208198F-7B18-4023-9843-BC3B2C45B699}.Debug|Any CPU.ActiveCfg = Debug|Any CPU
		{4208198F-7B18-4023-9843-BC3B2C45B699}.Debug|Any CPU.Build.0 = Debug|Any CPU
		{4208198F-7B18-4023-9843-BC3B2C45B699}.Release|Any CPU.ActiveCfg = Release|Any CPU
		{4208198F-7B18-4023-9843-BC3B2C45B699}.Release|Any CPU.Build.0 = Release|Any CPU
	EndGlobalSection
	GlobalSection(SolutionProperties) = preSolution
		HideSolutionNode = FALSE
	EndGlobalSection
	GlobalSection(ExtensibilityGlobals) = postSolution
		SolutionGuid = {79AEBB12-5B37-4FDE-BF7B-52BB5B5C5CF8}
	EndGlobalSection
EndGlobal
